Microsoft Visual Studio Solution File, Format Version 11.00
# Visual Studio 2008

Project("{709CE44A-D1DB-9F6E-42C3-5DF11970F264}") = "Dice Roll Unity", "Assembly-CSharp-firstpass.csproj", "{761E50BE-4D37-5BDB-DD23-17E3020727C3}"
EndProject
Project("{709CE44A-D1DB-9F6E-42C3-5DF11970F264}") = "Dice Roll Unity", "Assembly-CSharp.csproj", "{D30EC0DE-023A-5EE4-7963-5A5DD3E8816D}"
EndProject
Project("{709CE44A-D1DB-9F6E-42C3-5DF11970F264}") = "Dice Roll Unity", "Assembly-CSharp-Editor.csproj", "{CA0B1A99-ADC0-CE8A-F293-3555F37938FE}"
EndProject
Global
	GlobalSection(SolutionConfigurationPlatforms) = preSolution
		Debug|Any CPU = Debug|Any CPU
		Release|Any CPU = Release|Any CPU
	EndGlobalSection
	GlobalSection(ProjectConfigurationPlatforms) = postSolution
		{761E50BE-4D37-5BDB-DD23-17E3020727C3}.Debug|Any CPU.ActiveCfg = Debug|Any CPU
		{761E50BE-4D37-5BDB-DD23-17E3020727C3}.Debug|Any CPU.Build.0 = Debug|Any CPU
		{761E50BE-4D37-5BDB-DD23-17E3020727C3}.Release|Any CPU.ActiveCfg = Release|Any CPU
		{761E50BE-4D37-5BDB-DD23-17E3020727C3}.Release|Any CPU.Build.0 = Release|Any CPU
		{D30EC0DE-023A-5EE4-7963-5A5DD3E8816D}.Debug|Any CPU.ActiveCfg = Debug|Any CPU
		{D30EC0DE-023A-5EE4-7963-5A5DD3E8816D}.Debug|Any CPU.Build.0 = Debug|Any CPU
		{D30EC0DE-023A-5EE4-7963-5A5DD3E8816D}.Release|Any CPU.ActiveCfg = Release|Any CPU
		{D30EC0DE-023A-5EE4-7963-5A5DD3E8816D}.Release|Any CPU.Build.0 = Release|Any CPU
		{CA0B1A99-ADC0-CE8A-F293-3555F37938FE}.Debug|Any CPU.ActiveCfg = Debug|Any CPU
		{CA0B1A99-ADC0-CE8A-F293-3555F37938FE}.Debug|Any CPU.Build.0 = Debug|Any CPU
		{CA0B1A99-ADC0-CE8A-F293-3555F37938FE}.Release|Any CPU.ActiveCfg = Release|Any CPU
		{CA0B1A99-ADC0-CE8A-F293-3555F37938FE}.Release|Any CPU.Build.0 = Release|Any CPU
	EndGlobalSection
	GlobalSection(SolutionProperties) = preSolution
		HideSolutionNode = FALSE
	EndGlobalSection
																	GlobalSection(MonoDevelopProperties) = preSolution
		StartupItem = Assembly-CSharp.csproj
		Policies = $0
		$0.TextStylePolicy = $1
		$1.inheritsSet = null
		$1.scope = text/x-csharp
		$0.CSharpFormattingPolicy = $2
		$2.inheritsSet = Mono
		$2.inheritsScope = text/x-csharp
		$2.scope = text/x-csharp
		$0.TextStylePolicy = $3
		$3.FileWidth = 120
		$3.TabWidth = 4
		$3.EolMarker = Unix
		$3.inheritsSet = Mono
		$3.inheritsScope = text/plain
		$3.scope = text/plain
	EndGlobalSection

EndGlobal
